
Microsoft Visual Studio Solution File, Format Version 12.00
Project("{FAE04EC0-301F-11D3-BF4B-00C04F79EFBC}") = "Dotnet.RabbitMQ.Sample.Consumer", "Dotnet.RabbitMQ.Sample.Consumer\Dotnet.RabbitMQ.Sample.Consumer.csproj", "{33554BA9-84AB-4F59-B9ED-ED599542E058}"
EndProject
Project("{FAE04EC0-301F-11D3-BF4B-00C04F79EFBC}") = "Dotnet.RabbitMQ.Sample.Producer", "Dotnet.RabbitMQ.Sample.Producer\Dotnet.RabbitMQ.Sample.Producer.csproj", "{9F40FCE8-11E9-46C7-AF0E-830B8F658813}"
EndProject
Global
	GlobalSection(SolutionConfigurationPlatforms) = preSolution
		Debug|Any CPU = Debug|Any CPU
		Release|Any CPU = Release|Any CPU
	EndGlobalSection
	GlobalSection(ProjectConfigurationPlatforms) = postSolution
		{33554BA9-84AB-4F59-B9ED-ED599542E058}.Debug|Any CPU.ActiveCfg = Debug|Any CPU
		{33554BA9-84AB-4F59-B9ED-ED599542E058}.Debug|Any CPU.Build.0 = Debug|Any CPU
		{33554BA9-84AB-4F59-B9ED-ED599542E058}.Release|Any CPU.ActiveCfg = Release|Any CPU
		{33554BA9-84AB-4F59-B9ED-ED599542E058}.Release|Any CPU.Build.0 = Release|Any CPU
		{9F40FCE8-11E9-46C7-AF0E-830B8F658813}.Debug|Any CPU.ActiveCfg = Debug|Any CPU
		{9F40FCE8-11E9-46C7-AF0E-830B8F658813}.Debug|Any CPU.Build.0 = Debug|Any CPU
		{9F40FCE8-11E9-46C7-AF0E-830B8F658813}.Release|Any CPU.ActiveCfg = Release|Any CPU
		{9F40FCE8-11E9-46C7-AF0E-830B8F658813}.Release|Any CPU.Build.0 = Release|Any CPU
	EndGlobalSection
EndGlobal
